
Microsoft Visual Studio Solution File, Format Version 12.00
# Visual Studio Version 16
VisualStudioVersion = 16.0.30621.155
MinimumVisualStudioVersion = 10.0.40219.1
Project("{FAE04EC0-301F-11D3-BF4B-00C04F79EFBC}") = "Calculator1", "Calculator1.csproj", "{8174DF14-1880-442C-8DC5-588ADA170A31}"
EndProject
Global
	GlobalSection(SolutionConfigurationPlatforms) = preSolution
		Debug|Any CPU = Debug|Any CPU
		Release|Any CPU = Release|Any CPU
	EndGlobalSection
	GlobalSection(ProjectConfigurationPlatforms) = postSolution
		{8174DF14-1880-442C-8DC5-588ADA170A31}.Debug|Any CPU.ActiveCfg = Debug|Any CPU
		{8174DF14-1880-442C-8DC5-588ADA170A31}.Debug|Any CPU.Build.0 = Debug|Any CPU
		{8174DF14-1880-442C-8DC5-588ADA170A31}.Release|Any CPU.ActiveCfg = Release|Any CPU
		{8174DF14-1880-442C-8DC5-588ADA170A31}.Release|Any CPU.Build.0 = Release|Any CPU
	EndGlobalSection
	GlobalSection(SolutionProperties) = preSolution
		HideSolutionNode = FALSE
	EndGlobalSection
	GlobalSection(ExtensibilityGlobals) = postSolution
		SolutionGuid = {C3185898-1B4D-436D-8D94-93B99E47F1F6}
	EndGlobalSection
EndGlobal
